{
  "name": "csv-parser",
  "version": "1.0.0",
  "lockfileVersion": 1,
  "requires": true,
  "dependencies": {
    "i18n-strings-files": {
      "version": "1.0.2",
      "resolved": "https://registry.npmjs.org/i18n-strings-files/-/i18n-strings-files-1.0.2.tgz",
      "integrity": "sha1-1kWRYd+1nHGGfXceMJHjxbcFlrY=",
      "requires": {
        "iconv": "2.2.0"
      }
    },
    "iconv": {
      "version": "2.2.0",
      "resolved": "https://registry.npmjs.org/iconv/-/iconv-2.2.0.tgz",
      "integrity": "sha1-TfxzRHc7Rqt2lMj2NpmmsLTMIlM=",
      "requires": {
        "nan": "2.2.1"
      }
    },
    "nan": {
      "version": "2.2.1",
      "resolved": "https://registry.npmjs.org/nan/-/nan-2.2.1.tgz",
      "integrity": "sha1-1oaT9rNLtB1mvGizpPne/HnXFJs="
    },
    "papaparse": {
      "version": "4.3.6",
      "resolved": "https://registry.npmjs.org/papaparse/-/papaparse-4.3.6.tgz",
      "integrity": "sha1-lWbtoOyrE6/LdApiOBxpn0hssUU="
    }
  }
}
